// !$*UTF8*$!
{
	archiveVersion = 1;
	classes = {
	};
	objectVersion = 55;
	objects = {

/* Begin PBXBuildFile section */
		29117DC828B84EBB00EB4C94 /* AppDelegate.m in Sources */ = {isa = PBXBuildFile; fileRef = 29117DC728B84EBB00EB4C94 /* AppDelegate.m */; };
		29117DCB28B84EBB00EB4C94 /* SceneDelegate.m in Sources */ = {isa = PBXBuildFile; fileRef = 29117DCA28B84EBB00EB4C94 /* SceneDelegate.m */; };
		29117DCE28B84EBB00EB4C94 /* ViewController.m in Sources */ = {isa = PBXBuildFile; fileRef = 29117DCD28B84EBB00EB4C94 /* ViewController.m */; };
		29117DD128B84EBB00EB4C94 /* Main.storyboard in Resources */ = {isa = PBXBuildFile; fileRef = 29117DCF28B84EBB00EB4C94 /* Main.storyboard */; };
		29117DD328B84EBF00EB4C94 /* Assets.xcassets in Resources */ = {isa = PBXBuildFile; fileRef = 29117DD228B84EBF00EB4C94 /* Assets.xcassets */; };
		29117DD628B84EBF00EB4C94 /* LaunchScreen.storyboard in Resources */ = {isa = PBXBuildFile; fileRef = 29117DD428B84EBF00EB4C94 /* LaunchScreen.storyboard */; };
		29117DD928B84EBF00EB4C94 /* main.m in Sources */ = {isa = PBXBuildFile; fileRef = 29117DD828B84EBF00EB4C94 /* main.m */; };
		29117DE328B84EC000EB4C94 /* iDecideTests.m in Sources */ = {isa = PBXBuildFile; fileRef = 29117DE228B84EC000EB4C94 /* iDecideTests.m */; };
		29117DED28B84EC000EB4C94 /* iDecideUITests.m in Sources */ = {isa = PBXBuildFile; fileRef = 29117DEC28B84EC000EB4C94 /* iDecideUITests.m */; };
		29117DEF28B84EC000EB4C94 /* iDecideUITestsLaunchTests.m in Sources */ = {isa = PBXBuildFile; fileRef = 29117DEE28B84EC000EB4C94 /* iDecideUITestsLaunchTests.m */; };
/* End PBXBuildFile section */

/* Begin PBXContainerItemProxy section */
		29117DDF28B84EC000EB4C94 /* PBXContainerItemProxy */ = {
			isa = PBXContainerItemProxy;
			containerPortal = 29117DBB28B84EBB00EB4C94 /* Project object */;
			proxyType = 1;
			remoteGlobalIDString = 29117DC228B84EBB00EB4C94;
			remoteInfo = iDecide;
		};
		29117DE928B84EC000EB4C94 /* PBXContainerItemProxy */ = {
			isa = PBXContainerItemProxy;
			containerPortal = 29117DBB28B84EBB00EB4C94 /* Project object */;
			proxyType = 1;
			remoteGlobalIDString = 29117DC228B84EBB00EB4C94;
			remoteInfo = iDecide;
		};
/* End PBXContainerItemProxy section */

/* Begin PBXFileReference section */
		29117DC328B84EBB00EB4C94 /* iDecide.app */ = {isa = PBXFileReference; explicitFileType = wrapper.application; includeInIndex = 0; path = iDecide.app; sourceTree = BUILT_PRODUCTS_DIR; };
		29117DC628B84EBB00EB4C94 /* AppDelegate.h */ = {isa = PBXFileReference; lastKnownFileType = sourcecode.c.h; path = AppDelegate.h; sourceTree = "<group>"; };
		29117DC728B84EBB00EB4C94 /* AppDelegate.m */ = {isa = PBXFileReference; lastKnownFileType = sourcecode.c.objc; path = AppDelegate.m; sourceTree = "<group>"; };
		29117DC928B84EBB00EB4C94 /* SceneDelegate.h */ = {isa = PBXFileReference; lastKnownFileType = sourcecode.c.h; path = SceneDelegate.h; sourceTree = "<group>"; };
		29117DCA28B84EBB00EB4C94 /* SceneDelegate.m */ = {isa = PBXFileReference; lastKnownFileType = sourcecode.c.objc; path = SceneDelegate.m; sourceTree = "<group>"; };
		29117DCC28B84EBB00EB4C94 /* ViewController.h */ = {isa = PBXFileReference; lastKnownFileType = sourcecode.c.h; path = ViewController.h; sourceTree = "<group>"; };
		29117DCD28B84EBB00EB4C94 /* ViewController.m */ = {isa = PBXFileReference; lastKnownFileType = sourcecode.c.objc; path = ViewController.m; sourceTree = "<group>"; };
		29117DD028B84EBB00EB4C94 /* Base */ = {isa = PBXFileReference; lastKnownFileType = file.storyboard; name = Base; path = Base.lproj/Main.storyboard; sourceTree = "<group>"; };
		29117DD228B84EBF00EB4C94 /* Assets.xcassets */ = {isa = PBXFileReference; lastKnownFileType = folder.assetcatalog; path = Assets.xcassets; sourceTree = "<group>"; };
		29117DD528B84EBF00EB4C94 /* Base */ = {isa = PBXFileReference; lastKnownFileType = file.storyboard; name = Base; path = Base.lproj/LaunchScreen.storyboard; sourceTree = "<group>"; };
		29117DD728B84EBF00EB4C94 /* Info.plist */ = {isa = PBXFileReference; lastKnownFileType = text.plist.xml; path = Info.plist; sourceTree = "<group>"; };
		29117DD828B84EBF00EB4C94 /* main.m */ = {isa = PBXFileReference; lastKnownFileType = sourcecode.c.objc; path = main.m; sourceTree = "<group>"; };
		29117DDE28B84EC000EB4C94 /* iDecideTests.xctest */ = {isa = PBXFileReference; explicitFileType = wrapper.cfbundle; includeInIndex = 0; path = iDecideTests.xctest; sourceTree = BUILT_PRODUCTS_DIR; };
		29117DE228B84EC000EB4C94 /* iDecideTests.m */ = {isa = PBXFileReference; lastKnownFileType = sourcecode.c.objc; path = iDecideTests.m; sourceTree = "<group>"; };
		29117DE828B84EC000EB4C94 /* iDecideUITests.xctest */ = {isa = PBXFileReference; explicitFileType = wrapper.cfbundle; includeInIndex = 0; path = iDecideUITests.xctest; sourceTree = BUILT_PRODUCTS_DIR; };
		29117DEC28B84EC000EB4C94 /* iDecideUITests.m */ = {isa = PBXFileReference; lastKnownFileType = sourcecode.c.objc; path = iDecideUITests.m; sourceTree = "<group>"; };
		29117DEE28B84EC000EB4C94 /* iDecideUITestsLaunchTests.m */ = {isa = PBXFileReference; lastKnownFileType = sourcecode.c.objc; path = iDecideUITestsLaunchTests.m; sourceTree = "<group>"; };
/* End PBXFileReference section */

/* Begin PBXFrameworksBuildPhase section */
		29117DC028B84EBB00EB4C94 /* Frameworks */ = {
			isa = PBXFrameworksBuildPhase;
			buildActionMask = 2147483647;
			files = (
			);
			runOnlyForDeploymentPostprocessing = 0;
		};
		29117DDB28B84EC000EB4C94 /* Frameworks */ = {
			isa = PBXFrameworksBuildPhase;
			buildActionMask = 2147483647;
			files = (
			);
			runOnlyForDeploymentPostprocessing = 0;
		};
		29117DE528B84EC000EB4C94 /* Frameworks */ = {
			isa = PBXFrameworksBuildPhase;
			buildActionMask = 2147483647;
			files = (
			);
			runOnlyForDeploymentPostprocessing = 0;
		};
/* End PBXFrameworksBuildPhase section */

/* Begin PBXGroup section */
		29117DBA28B84EBB00EB4C94 = {
			isa = PBXGroup;
			children = (
				29117DC528B84EBB00EB4C94 /* iDecide */,
				29117DE128B84EC000EB4C94 /* iDecideTests */,
				29117DEB28B84EC000EB4C94 /* iDecideUITests */,
				29117DC428B84EBB00EB4C94 /* Products */,
			);
			sourceTree = "<group>";
		};
		29117DC428B84EBB00EB4C94 /* Products */ = {
			isa = PBXGroup;
			children = (
				29117DC328B84EBB00EB4C94 /* iDecide.app */,
				29117DDE28B84EC000EB4C94 /* iDecideTests.xctest */,
				29117DE828B84EC000EB4C94 /* iDecideUITests.xctest */,
			);
			name = Products;
			sourceTree = "<group>";
		};
		29117DC528B84EBB00EB4C94 /* iDecide */ = {
			isa = PBXGroup;
			children = (
				29117DC628B84EBB00EB4C94 /* AppDelegate.h */,
				29117DC728B84EBB00EB4C94 /* AppDelegate.m */,
				29117DC928B84EBB00EB4C94 /* SceneDelegate.h */,
				29117DCA28B84EBB00EB4C94 /* SceneDelegate.m */,
				29117DCC28B84EBB00EB4C94 /* ViewController.h */,
				29117DCD28B84EBB00EB4C94 /* ViewController.m */,
				29117DCF28B84EBB00EB4C94 /* Main.storyboard */,
				29117DD228B84EBF00EB4C94 /* Assets.xcassets */,
				29117DD428B84EBF00EB4C94 /* LaunchScreen.storyboard */,
				29117DD728B84EBF00EB4C94 /* Info.plist */,
				29117DD828B84EBF00EB4C94 /* main.m */,
			);
			path = iDecide;
			sourceTree = "<group>";
		};
		29117DE128B84EC000EB4C94 /* iDecideTests */ = {
			isa = PBXGroup;
			children = (
				29117DE228B84EC000EB4C94 /* iDecideTests.m */,
			);
			path = iDecideTests;
			sourceTree = "<group>";
		};
		29117DEB28B84EC000EB4C94 /* iDecideUITests */ = {
			isa = PBXGroup;
			children = (
				29117DEC28B84EC000EB4C94 /* iDecideUITests.m */,
				29117DEE28B84EC000EB4C94 /* iDecideUITestsLaunchTests.m */,
			);
			path = iDecideUITests;
			sourceTree = "<group>";
		};
/* End PBXGroup section */

/* Begin PBXNativeTarget section */
		29117DC228B84EBB00EB4C94 /* iDecide */ = {
			isa = PBXNativeTarget;
			buildConfigurationList = 29117DF228B84EC000EB4C94 /* Build configuration list for PBXNativeTarget "iDecide" */;
			buildPhases = (
				29117DBF28B84EBB00EB4C94 /* Sources */,
				29117DC028B84EBB00EB4C94 /* Frameworks */,
				29117DC128B84EBB00EB4C94 /* Resources */,
			);
			buildRules = (
			);
			dependencies = (
			);
			name = iDecide;
			productName = iDecide;
			productReference = 29117DC328B84EBB00EB4C94 /* iDecide.app */;
			productType = "com.apple.product-type.application";
		};
		29117DDD28B84EC000EB4C94 /* iDecideTests */ = {
			isa = PBXNativeTarget;
			buildConfigurationList = 29117DF528B84EC000EB4C94 /* Build configuration list for PBXNativeTarget "iDecideTests" */;
			buildPhases = (
				29117DDA28B84EC000EB4C94 /* Sources */,
				29117DDB28B84EC000EB4C94 /* Frameworks */,
				29117DDC28B84EC000EB4C94 /* Resources */,
			);
			buildRules = (
			);
			dependencies = (
				29117DE028B84EC000EB4C94 /* PBXTargetDependency */,
			);
			name = iDecideTests;
			productName = iDecideTests;
			productReference = 29117DDE28B84EC000EB4C94 /* iDecideTests.xctest */;
			productType = "com.apple.product-type.bundle.unit-test";
		};
		29117DE728B84EC000EB4C94 /* iDecideUITests */ = {
			isa = PBXNativeTarget;
			buildConfigurationList = 29117DF828B84EC000EB4C94 /* Build configuration list for PBXNativeTarget "iDecideUITests" */;
			buildPhases = (
				29117DE428B84EC000EB4C94 /* Sources */,
				29117DE528B84EC000EB4C94 /* Frameworks */,
				29117DE628B84EC000EB4C94 /* Resources */,
			);
			buildRules = (
			);
			dependencies = (
				29117DEA28B84EC000EB4C94 /* PBXTargetDependency */,
			);
			name = iDecideUITests;
			productName = iDecideUITests;
			productReference = 29117DE828B84EC000EB4C94 /* iDecideUITests.xctest */;
			productType = "com.apple.product-type.bundle.ui-testing";
		};
/* End PBXNativeTarget section */

/* Begin PBXProject section */
		29117DBB28B84EBB00EB4C94 /* Project object */ = {
			isa = PBXProject;
			attributes = {
				BuildIndependentTargetsInParallel = 1;
				LastUpgradeCheck = 1340;
				TargetAttributes = {
					29117DC228B84EBB00EB4C94 = {
						CreatedOnToolsVersion = 13.4.1;
					};
					29117DDD28B84EC000EB4C94 = {
						CreatedOnToolsVersion = 13.4.1;
						TestTargetID = 29117DC228B84EBB00EB4C94;
					};
					29117DE728B84EC000EB4C94 = {
						CreatedOnToolsVersion = 13.4.1;
						TestTargetID = 29117DC228B84EBB00EB4C94;
					};
				};
			};
			buildConfigurationList = 29117DBE28B84EBB00EB4C94 /* Build configuration list for PBXProject "iDecide" */;
			compatibilityVersion = "Xcode 13.0";
			developmentRegion = en;
			hasScannedForEncodings = 0;
			knownRegions = (
				en,
				Base,
			);
			mainGroup = 29117DBA28B84EBB00EB4C94;
			productRefGroup = 29117DC428B84EBB00EB4C94 /* Products */;
			projectDirPath = "";
			projectRoot = "";
			targets = (
				29117DC228B84EBB00EB4C94 /* iDecide */,
				29117DDD28B84EC000EB4C94 /* iDecideTests */,
				29117DE728B84EC000EB4C94 /* iDecideUITests */,
			);
		};
/* End PBXProject section */

/* Begin PBXResourcesBuildPhase section */
		29117DC128B84EBB00EB4C94 /* Resources */ = {
			isa = PBXResourcesBuildPhase;
			buildActionMask = 2147483647;
			files = (
				29117DD628B84EBF00EB4C94 /* LaunchScreen.storyboard in Resources */,
				29117DD328B84EBF00EB4C94 /* Assets.xcassets in Resources */,
				29117DD128B84EBB00EB4C94 /* Main.storyboard in Resources */,
			);
			runOnlyForDeploymentPostprocessing = 0;
		};
		29117DDC28B84EC000EB4C94 /* Resources */ = {
			isa = PBXResourcesBuildPhase;
			buildActionMask = 2147483647;
			files = (
			);
			runOnlyForDeploymentPostprocessing = 0;
		};
		29117DE628B84EC000EB4C94 /* Resources */ = {
			isa = PBXResourcesBuildPhase;
			buildActionMask = 2147483647;
			files = (
			);
			runOnlyForDeploymentPostprocessing = 0;
		};
/* End PBXResourcesBuildPhase section */

/* Begin PBXSourcesBuildPhase section */
		29117DBF28B84EBB00EB4C94 /* Sources */ = {
			isa = PBXSourcesBuildPhase;
			buildActionMask = 2147483647;
			files = (
				29117DCE28B84EBB00EB4C94 /* ViewController.m in Sources */,
				29117DC828B84EBB00EB4C94 /* AppDelegate.m in Sources */,
				29117DD928B84EBF00EB4C94 /* main.m in Sources */,
				29117DCB28B84EBB00EB4C94 /* SceneDelegate.m in Sources */,
			);
			runOnlyForDeploymentPostprocessing = 0;
		};
		29117DDA28B84EC000EB4C94 /* Sources */ = {
			isa = PBXSourcesBuildPhase;
			buildActionMask = 2147483647;
			files = (
				29117DE328B84EC000EB4C94 /* iDecideTests.m in Sources */,
			);
			runOnlyForDeploymentPostprocessing = 0;
		};
		29117DE428B84EC000EB4C94 /* Sources */ = {
			isa = PBXSourcesBuildPhase;
			buildActionMask = 2147483647;
			files = (
				29117DEF28B84EC000EB4C94 /* iDecideUITestsLaunchTests.m in Sources */,
				29117DED28B84EC000EB4C94 /* iDecideUITests.m in Sources */,
			);
			runOnlyForDeploymentPostprocessing = 0;
		};
/* End PBXSourcesBuildPhase section */

/* Begin PBXTargetDependency section */
		29117DE028B84EC000EB4C94 /* PBXTargetDependency */ = {
			isa = PBXTargetDependency;
			target = 29117DC228B84EBB00EB4C94 /* iDecide */;
			targetProxy = 29117DDF28B84EC000EB4C94 /* PBXContainerItemProxy */;
		};
		29117DEA28B84EC000EB4C94 /* PBXTargetDependency */ = {
			isa = PBXTargetDependency;
			target = 29117DC228B84EBB00EB4C94 /* iDecide */;
			targetProxy = 29117DE928B84EC000EB4C94 /* PBXContainerItemProxy */;
		};
/* End PBXTargetDependency section */

/* Begin PBXVariantGroup section */
		29117DCF28B84EBB00EB4C94 /* Main.storyboard */ = {
			isa = PBXVariantGroup;
			children = (
				29117DD028B84EBB00EB4C94 /* Base */,
			);
			name = Main.storyboard;
			sourceTree = "<group>";
		};
		29117DD428B84EBF00EB4C94 /* LaunchScreen.storyboard */ = {
			isa = PBXVariantGroup;
			children = (
				29117DD528B84EBF00EB4C94 /* Base */,
			);
			name = LaunchScreen.storyboard;
			sourceTree = "<group>";
		};
/* End PBXVariantGroup section */

/* Begin XCBuildConfiguration section */
		29117DF028B84EC000EB4C94 /* Debug */ = {
			isa = XCBuildConfiguration;
			buildSettings = {
				ALWAYS_SEARCH_USER_PATHS = NO;
				CLANG_ANALYZER_NONNULL = YES;
				CLANG_ANALYZER_NUMBER_OBJECT_CONVERSION = YES_AGGRESSIVE;
				CLANG_CXX_LANGUAGE_STANDARD = "gnu++17";
				CLANG_ENABLE_MODULES = YES;
				CLANG_ENABLE_OBJC_ARC = YES;
				CLANG_ENABLE_OBJC_WEAK = YES;
				CLANG_WARN_BLOCK_CAPTURE_AUTORELEASING = YES;
				CLANG_WARN_BOOL_CONVERSION = YES;
				CLANG_WARN_COMMA = YES;
				CLANG_WARN_CONSTANT_CONVERSION = YES;
				CLANG_WARN_DEPRECATED_OBJC_IMPLEMENTATIONS = YES;
				CLANG_WARN_DIRECT_OBJC_ISA_USAGE = YES_ERROR;
				CLANG_WARN_DOCUMENTATION_COMMENTS = YES;
				CLANG_WARN_EMPTY_BODY = YES;
				CLANG_WARN_ENUM_CONVERSION = YES;
				CLANG_WARN_INFINITE_RECURSION = YES;
				CLANG_WARN_INT_CONVERSION = YES;
				CLANG_WARN_NON_LITERAL_NULL_CONVERSION = YES;
				CLANG_WARN_OBJC_IMPLICIT_RETAIN_SELF = YES;
				CLANG_WARN_OBJC_LITERAL_CONVERSION = YES;
				CLANG_WARN_OBJC_ROOT_CLASS = YES_ERROR;
				CLANG_WARN_QUOTED_INCLUDE_IN_FRAMEWORK_HEADER = YES;
				CLANG_WARN_RANGE_LOOP_ANALYSIS = YES;
				CLANG_WARN_STRICT_PROTOTYPES = YES;
				CLANG_WARN_SUSPICIOUS_MOVE = YES;
				CLANG_WARN_UNGUARDED_AVAILABILITY = YES_AGGRESSIVE;
				CLANG_WARN_UNREACHABLE_CODE = YES;
				CLANG_WARN__DUPLICATE_METHOD_MATCH = YES;
				COPY_PHASE_STRIP = NO;
				DEBUG_INFORMATION_FORMAT = dwarf;
				ENABLE_STRICT_OBJC_MSGSEND = YES;
				ENABLE_TESTABILITY = YES;
				GCC_C_LANGUAGE_STANDARD = gnu11;
				GCC_DYNAMIC_NO_PIC = NO;
				GCC_NO_COMMON_BLOCKS = YES;
				GCC_OPTIMIZATION_LEVEL = 0;
				GCC_PREPROCESSOR_DEFINITIONS = (
					"DEBUG=1",
					"$(inherited)",
				);
				GCC_WARN_64_TO_32_BIT_CONVERSION = YES;
				GCC_WARN_ABOUT_RETURN_TYPE = YES_ERROR;
				GCC_WARN_UNDECLARED_SELECTOR = YES;
				GCC_WARN_UNINITIALIZED_AUTOS = YES_AGGRESSIVE;
				GCC_WARN_UNUSED_FUNCTION = YES;
				GCC_WARN_UNUSED_VARIABLE = YES;
				IPHONEOS_DEPLOYMENT_TARGET = 15.5;
				MTL_ENABLE_DEBUG_INFO = INCLUDE_SOURCE;
				MTL_FAST_MATH = YES;
				ONLY_ACTIVE_ARCH = YES;
				SDKROOT = iphoneos;
			};
			name = Debug;
		};
		29117DF128B84EC000EB4C94 /* Release */ = {
			isa = XCBuildConfiguration;
			buildSettings = {
				ALWAYS_SEARCH_USER_PATHS = NO;
				CLANG_ANALYZER_NONNULL = YES;
				CLANG_ANALYZER_NUMBER_OBJECT_CONVERSION = YES_AGGRESSIVE;
				CLANG_CXX_LANGUAGE_STANDARD = "gnu++17";
				CLANG_ENABLE_MODULES = YES;
				CLANG_ENABLE_OBJC_ARC = YES;
				CLANG_ENABLE_OBJC_WEAK = YES;
				CLANG_WARN_BLOCK_CAPTURE_AUTORELEASING = YES;
				CLANG_WARN_BOOL_CONVERSION = YES;
				CLANG_WARN_COMMA = YES;
				CLANG_WARN_CONSTANT_CONVERSION = YES;
				CLANG_WARN_DEPRECATED_OBJC_IMPLEMENTATIONS = YES;
				CLANG_WARN_DIRECT_OBJC_ISA_USAGE = YES_ERROR;
				CLANG_WARN_DOCUMENTATION_COMMENTS = YES;
				CLANG_WARN_EMPTY_BODY = YES;
				CLANG_WARN_ENUM_CONVERSION = YES;
				CLANG_WARN_INFINITE_RECURSION = YES;
				CLANG_WARN_INT_CONVERSION = YES;
				CLANG_WARN_NON_LITERAL_NULL_CONVERSION = YES;
				CLANG_WARN_OBJC_IMPLICIT_RETAIN_SELF = YES;
				CLANG_WARN_OBJC_LITERAL_CONVERSION = YES;
				CLANG_WARN_OBJC_ROOT_CLASS = YES_ERROR;
				CLANG_WARN_QUOTED_INCLUDE_IN_FRAMEWORK_HEADER = YES;
				CLANG_WARN_RANGE_LOOP_ANALYSIS = YES;
				CLANG_WARN_STRICT_PROTOTYPES = YES;
				CLANG_WARN_SUSPICIOUS_MOVE = YES;
				CLANG_WARN_UNGUARDED_AVAILABILITY = YES_AGGRESSIVE;
				CLANG_WARN_UNREACHABLE_CODE = YES;
				CLANG_WARN__DUPLICATE_METHOD_MATCH = YES;
				COPY_PHASE_STRIP = NO;
				DEBUG_INFORMATION_FORMAT = "dwarf-with-dsym";
				ENABLE_NS_ASSERTIONS = NO;
				ENABLE_STRICT_OBJC_MSGSEND = YES;
				GCC_C_LANGUAGE_STANDARD = gnu11;
				GCC_NO_COMMON_BLOCKS = YES;
				GCC_WARN_64_TO_32_BIT_CONVERSION = YES;
				GCC_WARN_ABOUT_RETURN_TYPE = YES_ERROR;
				GCC_WARN_UNDECLARED_SELECTOR = YES;
				GCC_WARN_UNINITIALIZED_AUTOS = YES_AGGRESSIVE;
				GCC_WARN_UNUSED_FUNCTION = YES;
				GCC_WARN_UNUSED_VARIABLE = YES;
				IPHONEOS_DEPLOYMENT_TARGET = 15.5;
				MTL_ENABLE_DEBUG_INFO = NO;
				MTL_FAST_MATH = YES;
				SDKROOT = iphoneos;
				VALIDATE_PRODUCT = YES;
			};
			name = Release;
		};
		29117DF328B84EC000EB4C94 /* Debug */ = {
			isa = XCBuildConfiguration;
			buildSettings = {
				ASSETCATALOG_COMPILER_APPICON_NAME = AppIcon;
				ASSETCATALOG_COMPILER_GLOBAL_ACCENT_COLOR_NAME = AccentColor;
				CODE_SIGN_STYLE = Automatic;
				CURRENT_PROJECT_VERSION = 1;
				GENERATE_INFOPLIST_FILE = YES;
				INFOPLIST_FILE = iDecide/Info.plist;
				INFOPLIST_KEY_UIApplicationSupportsIndirectInputEvents = YES;
				INFOPLIST_KEY_UILaunchStoryboardName = LaunchScreen;
				INFOPLIST_KEY_UIMainStoryboardFile = Main;
				INFOPLIST_KEY_UISupportedInterfaceOrientations_iPad = "UIInterfaceOrientationPortrait UIInterfaceOrientationPortraitUpsideDown UIInterfaceOrientationLandscapeLeft UIInterfaceOrientationLandscapeRight";
				INFOPLIST_KEY_UISupportedInterfaceOrientations_iPhone = "UIInterfaceOrientationPortrait UIInterfaceOrientationLandscapeLeft UIInterfaceOrientationLandscapeRight";
				LD_RUNPATH_SEARCH_PATHS = (
					"$(inherited)",
					"@executable_path/Frameworks",
				);
				MARKETING_VERSION = 1.0;
				PRODUCT_BUNDLE_IDENTIFIER = RixCode.iDecide;
				PRODUCT_NAME = "$(TARGET_NAME)";
				SWIFT_EMIT_LOC_STRINGS = YES;
				TARGETED_DEVICE_FAMILY = "1,2";
			};
			name = Debug;
		};
		29117DF428B84EC000EB4C94 /* Release */ = {
			isa = XCBuildConfiguration;
			buildSettings = {
				ASSETCATALOG_COMPILER_APPICON_NAME = AppIcon;
				ASSETCATALOG_COMPILER_GLOBAL_ACCENT_COLOR_NAME = AccentColor;
				CODE_SIGN_STYLE = Automatic;
				CURRENT_PROJECT_VERSION = 1;
				GENERATE_INFOPLIST_FILE = YES;
				INFOPLIST_FILE = iDecide/Info.plist;
				INFOPLIST_KEY_UIApplicationSupportsIndirectInputEvents = YES;
				INFOPLIST_KEY_UILaunchStoryboardName = LaunchScreen;
				INFOPLIST_KEY_UIMainStoryboardFile = Main;
				INFOPLIST_KEY_UISupportedInterfaceOrientations_iPad = "UIInterfaceOrientationPortrait UIInterfaceOrientationPortraitUpsideDown UIInterfaceOrientationLandscapeLeft UIInterfaceOrientationLandscapeRight";
				INFOPLIST_KEY_UISupportedInterfaceOrientations_iPhone = "UIInterfaceOrientationPortrait UIInterfaceOrientationLandscapeLeft UIInterfaceOrientationLandscapeRight";
				LD_RUNPATH_SEARCH_PATHS = (
					"$(inherited)",
					"@executable_path/Frameworks",
				);
				MARKETING_VERSION = 1.0;
				PRODUCT_BUNDLE_IDENTIFIER = RixCode.iDecide;
				PRODUCT_NAME = "$(TARGET_NAME)";
				SWIFT_EMIT_LOC_STRINGS = YES;
				TARGETED_DEVICE_FAMILY = "1,2";
			};
			name = Release;
		};
		29117DF628B84EC000EB4C94 /* Debug */ = {
			isa = XCBuildConfiguration;
			buildSettings = {
				BUNDLE_LOADER = "$(TEST_HOST)";
				CODE_SIGN_STYLE = Automatic;
				CURRENT_PROJECT_VERSION = 1;
				GENERATE_INFOPLIST_FILE = YES;
				IPHONEOS_DEPLOYMENT_TARGET = 15.5;
				MARKETING_VERSION = 1.0;
				PRODUCT_BUNDLE_IDENTIFIER = RixCode.iDecideTests;
				PRODUCT_NAME = "$(TARGET_NAME)";
				SWIFT_EMIT_LOC_STRINGS = NO;
				TARGETED_DEVICE_FAMILY = "1,2";
				TEST_HOST = "$(BUILT_PRODUCTS_DIR)/iDecide.app/iDecide";
			};
			name = Debug;
		};
		29117DF728B84EC000EB4C94 /* Release */ = {
			isa = XCBuildConfiguration;
			buildSettings = {
				BUNDLE_LOADER = "$(TEST_HOST)";
				CODE_SIGN_STYLE = Automatic;
				CURRENT_PROJECT_VERSION = 1;
				GENERATE_INFOPLIST_FILE = YES;
				IPHONEOS_DEPLOYMENT_TARGET = 15.5;
				MARKETING_VERSION = 1.0;
				PRODUCT_BUNDLE_IDENTIFIER = RixCode.iDecideTests;
				PRODUCT_NAME = "$(TARGET_NAME)";
				SWIFT_EMIT_LOC_STRINGS = NO;
				TARGETED_DEVICE_FAMILY = "1,2";
				TEST_HOST = "$(BUILT_PRODUCTS_DIR)/iDecide.app/iDecide";
			};
			name = Release;
		};
		29117DF928B84EC000EB4C94 /* Debug */ = {
			isa = XCBuildConfiguration;
			buildSettings = {
				CODE_SIGN_STYLE = Automatic;
				CURRENT_PROJECT_VERSION = 1;
				GENERATE_INFOPLIST_FILE = YES;
				MARKETING_VERSION = 1.0;
				PRODUCT_BUNDLE_IDENTIFIER = RixCode.iDecideUITests;
				PRODUCT_NAME = "$(TARGET_NAME)";
				SWIFT_EMIT_LOC_STRINGS = NO;
				TARGETED_DEVICE_FAMILY = "1,2";
				TEST_TARGET_NAME = iDecide;
			};
			name = Debug;
		};
		29117DFA28B84EC000EB4C94 /* Release */ = {
			isa = XCBuildConfiguration;
			buildSettings = {
				CODE_SIGN_STYLE = Automatic;
				CURRENT_PROJECT_VERSION = 1;
				GENERATE_INFOPLIST_FILE = YES;
				MARKETING_VERSION = 1.0;
				PRODUCT_BUNDLE_IDENTIFIER = RixCode.iDecideUITests;
				PRODUCT_NAME = "$(TARGET_NAME)";
				SWIFT_EMIT_LOC_STRINGS = NO;
				TARGETED_DEVICE_FAMILY = "1,2";
				TEST_TARGET_NAME = iDecide;
			};
			name = Release;
		};
/* End XCBuildConfiguration section */

/* Begin XCConfigurationList section */
		29117DBE28B84EBB00EB4C94 /* Build configuration list for PBXProject "iDecide" */ = {
			isa = XCConfigurationList;
			buildConfigurations = (
				29117DF028B84EC000EB4C94 /* Debug */,
				29117DF128B84EC000EB4C94 /* Release */,
			);
			defaultConfigurationIsVisible = 0;
			defaultConfigurationName = Release;
		};
		29117DF228B84EC000EB4C94 /* Build configuration list for PBXNativeTarget "iDecide" */ = {
			isa = XCConfigurationList;
			buildConfigurations = (
				29117DF328B84EC000EB4C94 /* Debug */,
				29117DF428B84EC000EB4C94 /* Release */,
			);
			defaultConfigurationIsVisible = 0;
			defaultConfigurationName = Release;
		};
		29117DF528B84EC000EB4C94 /* Build configuration list for PBXNativeTarget "iDecideTests" */ = {
			isa = XCConfigurationList;
			buildConfigurations = (
				29117DF628B84EC000EB4C94 /* Debug */,
				29117DF728B84EC000EB4C94 /* Release */,
			);
			defaultConfigurationIsVisible = 0;
			defaultConfigurationName = Release;
		};
		29117DF828B84EC000EB4C94 /* Build configuration list for PBXNativeTarget "iDecideUITests" */ = {
			isa = XCConfigurationList;
			buildConfigurations = (
				29117DF928B84EC000EB4C94 /* Debug */,
				29117DFA28B84EC000EB4C94 /* Release */,
			);
			defaultConfigurationIsVisible = 0;
			defaultConfigurationName = Release;
		};
/* End XCConfigurationList section */
	};
	rootObject = 29117DBB28B84EBB00EB4C94 /* Project object */;
}
